
Microsoft Visual Studio Solution File, Format Version 12.00
# Visual Studio 15
VisualStudioVersion = 15.0.25914.0
MinimumVisualStudioVersion = 10.0.40219.1
Project("{FAE04EC0-301F-11D3-BF4B-00C04F79EFBC}") = "Write.Txt.File", "Write.Txt.File\Write.Txt.File.csproj", "{9967CEC3-7347-4798-85F3-DD8B501A613D}"
EndProject
Global
	GlobalSection(SolutionConfigurationPlatforms) = preSolution
		Debug|Any CPU = Debug|Any CPU
		Release|Any CPU = Release|Any CPU
	EndGlobalSection
	GlobalSection(ProjectConfigurationPlatforms) = postSolution
		{9967CEC3-7347-4798-85F3-DD8B501A613D}.Debug|Any CPU.ActiveCfg = Debug|Any CPU
		{9967CEC3-7347-4798-85F3-DD8B501A613D}.Debug|Any CPU.Build.0 = Debug|Any CPU
		{9967CEC3-7347-4798-85F3-DD8B501A613D}.Release|Any CPU.ActiveCfg = Release|Any CPU
		{9967CEC3-7347-4798-85F3-DD8B501A613D}.Release|Any CPU.Build.0 = Release|Any CPU
	EndGlobalSection
	GlobalSection(SolutionProperties) = preSolution
		HideSolutionNode = FALSE
	EndGlobalSection
EndGlobal
